
Microsoft Visual Studio Solution File, Format Version 12.00
# Visual Studio Version 16
VisualStudioVersion = 16.0.31005.135
MinimumVisualStudioVersion = 10.0.40219.1
Project("{FAE04EC0-301F-11D3-BF4B-00C04F79EFBC}") = "RestaurantApp.Android", "RestaurantApp\RestaurantApp.Android\RestaurantApp.Android.csproj", "{64DE5C49-7F5B-4599-B111-C4D6681E660A}"
EndProject
Project("{FAE04EC0-301F-11D3-BF4B-00C04F79EFBC}") = "RestaurantApp.iOS", "RestaurantApp\RestaurantApp.iOS\RestaurantApp.iOS.csproj", "{09BE43D0-7578-4845-AB87-E8BE62FC68E5}"
EndProject
Project("{9A19103F-16F7-4668-BE54-9A1E7A4F7556}") = "RestaurantApp", "RestaurantApp\RestaurantApp\RestaurantApp.csproj", "{7F7DD706-2FDB-4DE4-929F-F2054929EE3C}"
EndProject
Global
	GlobalSection(SolutionConfigurationPlatforms) = preSolution
		Debug|Any CPU = Debug|Any CPU
		Debug|iPhone = Debug|iPhone
		Debug|iPhoneSimulator = Debug|iPhoneSimulator
		Release|Any CPU = Release|Any CPU
		Release|iPhone = Release|iPhone
		Release|iPhoneSimulator = Release|iPhoneSimulator
	EndGlobalSection
	GlobalSection(ProjectConfigurationPlatforms) = postSolution
		{64DE5C49-7F5B-4599-B111-C4D6681E660A}.Debug|Any CPU.ActiveCfg = Debug|Any CPU
		{64DE5C49-7F5B-4599-B111-C4D6681E660A}.Debug|Any CPU.Build.0 = Debug|Any CPU
		{64DE5C49-7F5B-4599-B111-C4D6681E660A}.Debug|Any CPU.Deploy.0 = Debug|Any CPU
		{64DE5C49-7F5B-4599-B111-C4D6681E660A}.Debug|iPhone.ActiveCfg = Debug|Any CPU
		{64DE5C49-7F5B-4599-B111-C4D6681E660A}.Debug|iPhone.Build.0 = Debug|Any CPU
		{64DE5C49-7F5B-4599-B111-C4D6681E660A}.Debug|iPhone.Deploy.0 = Debug|Any CPU
		{64DE5C49-7F5B-4599-B111-C4D6681E660A}.Debug|iPhoneSimulator.ActiveCfg = Debug|Any CPU
		{64DE5C49-7F5B-4599-B111-C4D6681E660A}.Debug|iPhoneSimulator.Build.0 = Debug|Any CPU
		{64DE5C49-7F5B-4599-B111-C4D6681E660A}.Debug|iPhoneSimulator.Deploy.0 = Debug|Any CPU
		{64DE5C49-7F5B-4599-B111-C4D6681E660A}.Release|Any CPU.ActiveCfg = Release|Any CPU
		{64DE5C49-7F5B-4599-B111-C4D6681E660A}.Release|Any CPU.Build.0 = Release|Any CPU
		{64DE5C49-7F5B-4599-B111-C4D6681E660A}.Release|Any CPU.Deploy.0 = Release|Any CPU
		{64DE5C49-7F5B-4599-B111-C4D6681E660A}.Release|iPhone.ActiveCfg = Release|Any CPU
		{64DE5C49-7F5B-4599-B111-C4D6681E660A}.Release|iPhone.Build.0 = Release|Any CPU
		{64DE5C49-7F5B-4599-B111-C4D6681E660A}.Release|iPhone.Deploy.0 = Release|Any CPU
		{64DE5C49-7F5B-4599-B111-C4D6681E660A}.Release|iPhoneSimulator.ActiveCfg = Release|Any CPU
		{64DE5C49-7F5B-4599-B111-C4D6681E660A}.Release|iPhoneSimulator.Build.0 = Release|Any CPU
		{64DE5C49-7F5B-4599-B111-C4D6681E660A}.Release|iPhoneSimulator.Deploy.0 = Release|Any CPU
		{09BE43D0-7578-4845-AB87-E8BE62FC68E5}.Debug|Any CPU.ActiveCfg = Debug|iPhone
		{09BE43D0-7578-4845-AB87-E8BE62FC68E5}.Debug|Any CPU.Deploy.0 = Debug|iPhone
		{09BE43D0-7578-4845-AB87-E8BE62FC68E5}.Debug|iPhone.ActiveCfg = Debug|iPhone
		{09BE43D0-7578-4845-AB87-E8BE62FC68E5}.Debug|iPhone.Build.0 = Debug|iPhone
		{09BE43D0-7578-4845-AB87-E8BE62FC68E5}.Debug|iPhone.Deploy.0 = Debug|iPhone
		{09BE43D0-7578-4845-AB87-E8BE62FC68E5}.Debug|iPhoneSimulator.ActiveCfg = Debug|iPhoneSimulator
		{09BE43D0-7578-4845-AB87-E8BE62FC68E5}.Debug|iPhoneSimulator.Build.0 = Debug|iPhoneSimulator
		{09BE43D0-7578-4845-AB87-E8BE62FC68E5}.Debug|iPhoneSimulator.Deploy.0 = Debug|iPhoneSimulator
		{09BE43D0-7578-4845-AB87-E8BE62FC68E5}.Release|Any CPU.ActiveCfg = Release|iPhoneSimulator
		{09BE43D0-7578-4845-AB87-E8BE62FC68E5}.Release|Any CPU.Build.0 = Release|iPhoneSimulator
		{09BE43D0-7578-4845-AB87-E8BE62FC68E5}.Release|Any CPU.Deploy.0 = Release|iPhoneSimulator
		{09BE43D0-7578-4845-AB87-E8BE62FC68E5}.Release|iPhone.ActiveCfg = Release|iPhone
		{09BE43D0-7578-4845-AB87-E8BE62FC68E5}.Release|iPhone.Build.0 = Release|iPhone
		{09BE43D0-7578-4845-AB87-E8BE62FC68E5}.Release|iPhone.Deploy.0 = Release|iPhone
		{09BE43D0-7578-4845-AB87-E8BE62FC68E5}.Release|iPhoneSimulator.ActiveCfg = Release|iPhoneSimulator
		{09BE43D0-7578-4845-AB87-E8BE62FC68E5}.Release|iPhoneSimulator.Build.0 = Release|iPhoneSimulator
		{09BE43D0-7578-4845-AB87-E8BE62FC68E5}.Release|iPhoneSimulator.Deploy.0 = Release|iPhoneSimulator
		{7F7DD706-2FDB-4DE4-929F-F2054929EE3C}.Debug|Any CPU.ActiveCfg = Debug|Any CPU
		{7F7DD706-2FDB-4DE4-929F-F2054929EE3C}.Debug|Any CPU.Build.0 = Debug|Any CPU
		{7F7DD706-2FDB-4DE4-929F-F2054929EE3C}.Debug|Any CPU.Deploy.0 = Debug|Any CPU
		{7F7DD706-2FDB-4DE4-929F-F2054929EE3C}.Debug|iPhone.ActiveCfg = Debug|Any CPU
		{7F7DD706-2FDB-4DE4-929F-F2054929EE3C}.Debug|iPhone.Build.0 = Debug|Any CPU
		{7F7DD706-2FDB-4DE4-929F-F2054929EE3C}.Debug|iPhone.Deploy.0 = Debug|Any CPU
		{7F7DD706-2FDB-4DE4-929F-F2054929EE3C}.Debug|iPhoneSimulator.ActiveCfg = Debug|Any CPU
		{7F7DD706-2FDB-4DE4-929F-F2054929EE3C}.Debug|iPhoneSimulator.Build.0 = Debug|Any CPU
		{7F7DD706-2FDB-4DE4-929F-F2054929EE3C}.Debug|iPhoneSimulator.Deploy.0 = Debug|Any CPU
		{7F7DD706-2FDB-4DE4-929F-F2054929EE3C}.Release|Any CPU.ActiveCfg = Release|Any CPU
		{7F7DD706-2FDB-4DE4-929F-F2054929EE3C}.Release|Any CPU.Build.0 = Release|Any CPU
		{7F7DD706-2FDB-4DE4-929F-F2054929EE3C}.Release|Any CPU.Deploy.0 = Release|Any CPU
		{7F7DD706-2FDB-4DE4-929F-F2054929EE3C}.Release|iPhone.ActiveCfg = Release|Any CPU
		{7F7DD706-2FDB-4DE4-929F-F2054929EE3C}.Release|iPhone.Build.0 = Release|Any CPU
		{7F7DD706-2FDB-4DE4-929F-F2054929EE3C}.Release|iPhone.Deploy.0 = Release|Any CPU
		{7F7DD706-2FDB-4DE4-929F-F2054929EE3C}.Release|iPhoneSimulator.ActiveCfg = Release|Any CPU
		{7F7DD706-2FDB-4DE4-929F-F2054929EE3C}.Release|iPhoneSimulator.Build.0 = Release|Any CPU
		{7F7DD706-2FDB-4DE4-929F-F2054929EE3C}.Release|iPhoneSimulator.Deploy.0 = Release|Any CPU
	EndGlobalSection
	GlobalSection(SolutionProperties) = preSolution
		HideSolutionNode = FALSE
	EndGlobalSection
	GlobalSection(ExtensibilityGlobals) = postSolution
		SolutionGuid = {DD210C1E-74B8-4ADA-9CC5-F7D0BF525D5C}
	EndGlobalSection
EndGlobal
